// !$*UTF8*$!
{
	archiveVersion = 1;
	classes = {
	};
	objectVersion = 50;
	objects = {

/* Begin PBXBuildFile section */
		18B84F4A2C4F76FC002FDC3D /* main.mm in Sources */ = {isa = PBXBuildFile; fileRef = 18B84F492C4F76FC002FDC3D /* main.mm */; };
		18B84F4D2C4F773F002FDC3D /* IOKit.framework in Frameworks */ = {isa = PBXBuildFile; fileRef = 18B84F4C2C4F773F002FDC3D /* IOKit.framework */; };
		18B84F4F2C4F7BE5002FDC3D /* libsqlite3.tbd in Frameworks */ = {isa = PBXBuildFile; fileRef = 18B84F4E2C4F7BE5002FDC3D /* libsqlite3.tbd */; };
		18B84F512C4F7D06002FDC3D /* utils.mm in Sources */ = {isa = PBXBuildFile; fileRef = 18B84F502C4F7D06002FDC3D /* utils.mm */; };
		18B84F542C4F8266002FDC3D /* GCDWebServers.framework in Frameworks */ = {isa = PBXBuildFile; fileRef = 18B84F532C4F8266002FDC3D /* GCDWebServers.framework */; };
		18B84F562C4F855B002FDC3D /* CFNetwork.framework in Frameworks */ = {isa = PBXBuildFile; fileRef = 18B84F552C4F855B002FDC3D /* CFNetwork.framework */; };
		18B84F582C4F8566002FDC3D /* libz.tbd in Frameworks */ = {isa = PBXBuildFile; fileRef = 18B84F572C4F8566002FDC3D /* libz.tbd */; };
		18B84F5A2C4F8599002FDC3D /* CoreServices.framework in Frameworks */ = {isa = PBXBuildFile; fileRef = 18B84F592C4F8599002FDC3D /* CoreServices.framework */; };
		18B84F622C4F8A9F002FDC3D /* www in CopyFiles */ = {isa = PBXBuildFile; fileRef = 18B84F5B2C4F88B3002FDC3D /* www */; };
/* End PBXBuildFile section */

/* Begin PBXCopyFilesBuildPhase section */
		18B84F612C4F8A93002FDC3D /* CopyFiles */ = {
			isa = PBXCopyFilesBuildPhase;
			buildActionMask = 2147483647;
			dstPath = "";
			dstSubfolderSpec = 16;
			files = (
				18B84F622C4F8A9F002FDC3D /* www in CopyFiles */,
			);
			runOnlyForDeploymentPostprocessing = 0;
		};
/* End PBXCopyFilesBuildPhase section */

/* Begin PBXFileReference section */
		189A533D2C4807CF001CD98D /* ChargeMonitor */ = {isa = PBXFileReference; explicitFileType = "compiled.mach-o.executable"; includeInIndex = 0; path = ChargeMonitor; sourceTree = BUILT_PRODUCTS_DIR; };
		18B84F492C4F76FC002FDC3D /* main.mm */ = {isa = PBXFileReference; fileEncoding = 4; lastKnownFileType = sourcecode.cpp.objcpp; path = main.mm; sourceTree = "<group>"; };
		18B84F4C2C4F773F002FDC3D /* IOKit.framework */ = {isa = PBXFileReference; lastKnownFileType = wrapper.framework; name = IOKit.framework; path = System/Library/Frameworks/IOKit.framework; sourceTree = SDKROOT; };
		18B84F4E2C4F7BE5002FDC3D /* libsqlite3.tbd */ = {isa = PBXFileReference; lastKnownFileType = "sourcecode.text-based-dylib-definition"; name = libsqlite3.tbd; path = usr/lib/libsqlite3.tbd; sourceTree = SDKROOT; };
		18B84F502C4F7D06002FDC3D /* utils.mm */ = {isa = PBXFileReference; lastKnownFileType = sourcecode.cpp.objcpp; path = utils.mm; sourceTree = "<group>"; };
		18B84F522C4F7FF8002FDC3D /* common.h */ = {isa = PBXFileReference; lastKnownFileType = sourcecode.c.h; path = common.h; sourceTree = "<group>"; };
		18B84F532C4F8266002FDC3D /* GCDWebServers.framework */ = {isa = PBXFileReference; lastKnownFileType = wrapper.framework; name = GCDWebServers.framework; path = ../../../../../opt/framework/GCDWebServers.framework; sourceTree = "<group>"; };
		18B84F552C4F855B002FDC3D /* CFNetwork.framework */ = {isa = PBXFileReference; lastKnownFileType = wrapper.framework; name = CFNetwork.framework; path = System/Library/Frameworks/CFNetwork.framework; sourceTree = SDKROOT; };
		18B84F572C4F8566002FDC3D /* libz.tbd */ = {isa = PBXFileReference; lastKnownFileType = "sourcecode.text-based-dylib-definition"; name = libz.tbd; path = usr/lib/libz.tbd; sourceTree = SDKROOT; };
		18B84F592C4F8599002FDC3D /* CoreServices.framework */ = {isa = PBXFileReference; lastKnownFileType = wrapper.framework; name = CoreServices.framework; path = System/Library/Frameworks/CoreServices.framework; sourceTree = SDKROOT; };
		18B84F5B2C4F88B3002FDC3D /* www */ = {isa = PBXFileReference; lastKnownFileType = folder; path = www; sourceTree = "<group>"; };
		18B84F632C4FC0C1002FDC3D /* README.md */ = {isa = PBXFileReference; lastKnownFileType = net.daringfireball.markdown; path = README.md; sourceTree = "<group>"; };
/* End PBXFileReference section */

/* Begin PBXFrameworksBuildPhase section */
		189A533A2C4807CF001CD98D /* Frameworks */ = {
			isa = PBXFrameworksBuildPhase;
			buildActionMask = 2147483647;
			files = (
				18B84F562C4F855B002FDC3D /* CFNetwork.framework in Frameworks */,
				18B84F5A2C4F8599002FDC3D /* CoreServices.framework in Frameworks */,
				18B84F542C4F8266002FDC3D /* GCDWebServers.framework in Frameworks */,
				18B84F4D2C4F773F002FDC3D /* IOKit.framework in Frameworks */,
				18B84F4F2C4F7BE5002FDC3D /* libsqlite3.tbd in Frameworks */,
				18B84F582C4F8566002FDC3D /* libz.tbd in Frameworks */,
			);
			runOnlyForDeploymentPostprocessing = 0;
		};
/* End PBXFrameworksBuildPhase section */

/* Begin PBXGroup section */
		189A53342C4807CF001CD98D = {
			isa = PBXGroup;
			children = (
				18B84F632C4FC0C1002FDC3D /* README.md */,
				18B84F5B2C4F88B3002FDC3D /* www */,
				189A533F2C4807CF001CD98D /* ChargeMonitor */,
				189A533E2C4807CF001CD98D /* Products */,
				18B84F4B2C4F773F002FDC3D /* Frameworks */,
			);
			sourceTree = "<group>";
		};
		189A533E2C4807CF001CD98D /* Products */ = {
			isa = PBXGroup;
			children = (
				189A533D2C4807CF001CD98D /* ChargeMonitor */,
			);
			name = Products;
			sourceTree = "<group>";
		};
		189A533F2C4807CF001CD98D /* ChargeMonitor */ = {
			isa = PBXGroup;
			children = (
				18B84F522C4F7FF8002FDC3D /* common.h */,
				18B84F502C4F7D06002FDC3D /* utils.mm */,
				18B84F492C4F76FC002FDC3D /* main.mm */,
			);
			path = ChargeMonitor;
			sourceTree = "<group>";
		};
		18B84F4B2C4F773F002FDC3D /* Frameworks */ = {
			isa = PBXGroup;
			children = (
				18B84F592C4F8599002FDC3D /* CoreServices.framework */,
				18B84F572C4F8566002FDC3D /* libz.tbd */,
				18B84F552C4F855B002FDC3D /* CFNetwork.framework */,
				18B84F532C4F8266002FDC3D /* GCDWebServers.framework */,
				18B84F4E2C4F7BE5002FDC3D /* libsqlite3.tbd */,
				18B84F4C2C4F773F002FDC3D /* IOKit.framework */,
			);
			name = Frameworks;
			sourceTree = "<group>";
		};
/* End PBXGroup section */

/* Begin PBXNativeTarget section */
		189A533C2C4807CF001CD98D /* ChargeMonitor */ = {
			isa = PBXNativeTarget;
			buildConfigurationList = 189A53442C4807CF001CD98D /* Build configuration list for PBXNativeTarget "ChargeMonitor" */;
			buildPhases = (
				189A53392C4807CF001CD98D /* Sources */,
				189A533A2C4807CF001CD98D /* Frameworks */,
				18B84F612C4F8A93002FDC3D /* CopyFiles */,
			);
			buildRules = (
			);
			dependencies = (
			);
			name = ChargeMonitor;
			productName = ChargeLimiterMac;
			productReference = 189A533D2C4807CF001CD98D /* ChargeMonitor */;
			productType = "com.apple.product-type.tool";
		};
/* End PBXNativeTarget section */

/* Begin PBXProject section */
		189A53352C4807CF001CD98D /* Project object */ = {
			isa = PBXProject;
			attributes = {
				LastUpgradeCheck = 1250;
				TargetAttributes = {
					189A533C2C4807CF001CD98D = {
						CreatedOnToolsVersion = 12.5.1;
					};
				};
			};
			buildConfigurationList = 189A53382C4807CF001CD98D /* Build configuration list for PBXProject "ChargeMonitor" */;
			compatibilityVersion = "Xcode 9.3";
			developmentRegion = en;
			hasScannedForEncodings = 0;
			knownRegions = (
				en,
				Base,
			);
			mainGroup = 189A53342C4807CF001CD98D;
			productRefGroup = 189A533E2C4807CF001CD98D /* Products */;
			projectDirPath = "";
			projectRoot = "";
			targets = (
				189A533C2C4807CF001CD98D /* ChargeMonitor */,
			);
		};
/* End PBXProject section */

/* Begin PBXSourcesBuildPhase section */
		189A53392C4807CF001CD98D /* Sources */ = {
			isa = PBXSourcesBuildPhase;
			buildActionMask = 2147483647;
			files = (
				18B84F4A2C4F76FC002FDC3D /* main.mm in Sources */,
				18B84F512C4F7D06002FDC3D /* utils.mm in Sources */,
			);
			runOnlyForDeploymentPostprocessing = 0;
		};
/* End PBXSourcesBuildPhase section */

/* Begin XCBuildConfiguration section */
		189A53422C4807CF001CD98D /* Debug */ = {
			isa = XCBuildConfiguration;
			buildSettings = {
				ALWAYS_SEARCH_USER_PATHS = NO;
				CLANG_ANALYZER_NONNULL = YES;
				CLANG_ANALYZER_NUMBER_OBJECT_CONVERSION = YES_AGGRESSIVE;
				CLANG_CXX_LANGUAGE_STANDARD = "gnu++14";
				CLANG_CXX_LIBRARY = "libc++";
				CLANG_ENABLE_MODULES = YES;
				CLANG_ENABLE_OBJC_ARC = YES;
				CLANG_ENABLE_OBJC_WEAK = YES;
				CLANG_WARN_BLOCK_CAPTURE_AUTORELEASING = YES;
				CLANG_WARN_BOOL_CONVERSION = YES;
				CLANG_WARN_COMMA = YES;
				CLANG_WARN_CONSTANT_CONVERSION = YES;
				CLANG_WARN_DEPRECATED_OBJC_IMPLEMENTATIONS = YES;
				CLANG_WARN_DIRECT_OBJC_ISA_USAGE = YES_ERROR;
				CLANG_WARN_DOCUMENTATION_COMMENTS = YES;
				CLANG_WARN_EMPTY_BODY = YES;
				CLANG_WARN_ENUM_CONVERSION = YES;
				CLANG_WARN_INFINITE_RECURSION = YES;
				CLANG_WARN_INT_CONVERSION = YES;
				CLANG_WARN_NON_LITERAL_NULL_CONVERSION = YES;
				CLANG_WARN_OBJC_IMPLICIT_RETAIN_SELF = YES;
				CLANG_WARN_OBJC_LITERAL_CONVERSION = YES;
				CLANG_WARN_OBJC_ROOT_CLASS = YES_ERROR;
				CLANG_WARN_QUOTED_INCLUDE_IN_FRAMEWORK_HEADER = YES;
				CLANG_WARN_RANGE_LOOP_ANALYSIS = YES;
				CLANG_WARN_STRICT_PROTOTYPES = YES;
				CLANG_WARN_SUSPICIOUS_MOVE = YES;
				CLANG_WARN_UNGUARDED_AVAILABILITY = YES_AGGRESSIVE;
				CLANG_WARN_UNREACHABLE_CODE = YES;
				CLANG_WARN__DUPLICATE_METHOD_MATCH = YES;
				COPY_PHASE_STRIP = NO;
				DEBUG_INFORMATION_FORMAT = dwarf;
				ENABLE_STRICT_OBJC_MSGSEND = YES;
				ENABLE_TESTABILITY = YES;
				GCC_C_LANGUAGE_STANDARD = gnu11;
				GCC_DYNAMIC_NO_PIC = NO;
				GCC_NO_COMMON_BLOCKS = YES;
				GCC_OPTIMIZATION_LEVEL = 0;
				GCC_PREPROCESSOR_DEFINITIONS = (
					"DEBUG=1",
					"$(inherited)",
				);
				GCC_WARN_64_TO_32_BIT_CONVERSION = YES;
				GCC_WARN_ABOUT_RETURN_TYPE = YES_ERROR;
				GCC_WARN_UNDECLARED_SELECTOR = YES;
				GCC_WARN_UNINITIALIZED_AUTOS = YES_AGGRESSIVE;
				GCC_WARN_UNUSED_FUNCTION = YES;
				GCC_WARN_UNUSED_VARIABLE = YES;
				MACOSX_DEPLOYMENT_TARGET = 11.3;
				MTL_ENABLE_DEBUG_INFO = INCLUDE_SOURCE;
				MTL_FAST_MATH = YES;
				ONLY_ACTIVE_ARCH = YES;
				SDKROOT = macosx;
			};
			name = Debug;
		};
		189A53432C4807CF001CD98D /* Release */ = {
			isa = XCBuildConfiguration;
			buildSettings = {
				ALWAYS_SEARCH_USER_PATHS = NO;
				CLANG_ANALYZER_NONNULL = YES;
				CLANG_ANALYZER_NUMBER_OBJECT_CONVERSION = YES_AGGRESSIVE;
				CLANG_CXX_LANGUAGE_STANDARD = "gnu++14";
				CLANG_CXX_LIBRARY = "libc++";
				CLANG_ENABLE_MODULES = YES;
				CLANG_ENABLE_OBJC_ARC = YES;
				CLANG_ENABLE_OBJC_WEAK = YES;
				CLANG_WARN_BLOCK_CAPTURE_AUTORELEASING = YES;
				CLANG_WARN_BOOL_CONVERSION = YES;
				CLANG_WARN_COMMA = YES;
				CLANG_WARN_CONSTANT_CONVERSION = YES;
				CLANG_WARN_DEPRECATED_OBJC_IMPLEMENTATIONS = YES;
				CLANG_WARN_DIRECT_OBJC_ISA_USAGE = YES_ERROR;
				CLANG_WARN_DOCUMENTATION_COMMENTS = YES;
				CLANG_WARN_EMPTY_BODY = YES;
				CLANG_WARN_ENUM_CONVERSION = YES;
				CLANG_WARN_INFINITE_RECURSION = YES;
				CLANG_WARN_INT_CONVERSION = YES;
				CLANG_WARN_NON_LITERAL_NULL_CONVERSION = YES;
				CLANG_WARN_OBJC_IMPLICIT_RETAIN_SELF = YES;
				CLANG_WARN_OBJC_LITERAL_CONVERSION = YES;
				CLANG_WARN_OBJC_ROOT_CLASS = YES_ERROR;
				CLANG_WARN_QUOTED_INCLUDE_IN_FRAMEWORK_HEADER = YES;
				CLANG_WARN_RANGE_LOOP_ANALYSIS = YES;
				CLANG_WARN_STRICT_PROTOTYPES = YES;
				CLANG_WARN_SUSPICIOUS_MOVE = YES;
				CLANG_WARN_UNGUARDED_AVAILABILITY = YES_AGGRESSIVE;
				CLANG_WARN_UNREACHABLE_CODE = YES;
				CLANG_WARN__DUPLICATE_METHOD_MATCH = YES;
				COPY_PHASE_STRIP = NO;
				DEBUG_INFORMATION_FORMAT = "dwarf-with-dsym";
				ENABLE_NS_ASSERTIONS = NO;
				ENABLE_STRICT_OBJC_MSGSEND = YES;
				GCC_C_LANGUAGE_STANDARD = gnu11;
				GCC_NO_COMMON_BLOCKS = YES;
				GCC_WARN_64_TO_32_BIT_CONVERSION = YES;
				GCC_WARN_ABOUT_RETURN_TYPE = YES_ERROR;
				GCC_WARN_UNDECLARED_SELECTOR = YES;
				GCC_WARN_UNINITIALIZED_AUTOS = YES_AGGRESSIVE;
				GCC_WARN_UNUSED_FUNCTION = YES;
				GCC_WARN_UNUSED_VARIABLE = YES;
				MACOSX_DEPLOYMENT_TARGET = 11.3;
				MTL_ENABLE_DEBUG_INFO = NO;
				MTL_FAST_MATH = YES;
				SDKROOT = macosx;
			};
			name = Release;
		};
		189A53452C4807CF001CD98D /* Debug */ = {
			isa = XCBuildConfiguration;
			buildSettings = {
				CODE_SIGN_ENTITLEMENTS = "";
				CODE_SIGN_STYLE = Automatic;
				DEVELOPMENT_TEAM = YZGT4R4484;
				ENABLE_HARDENED_RUNTIME = NO;
				FRAMEWORK_SEARCH_PATHS = /opt/framework;
				MACH_O_TYPE = mh_execute;
				PRODUCT_NAME = "$(TARGET_NAME)";
			};
			name = Debug;
		};
		189A53462C4807CF001CD98D /* Release */ = {
			isa = XCBuildConfiguration;
			buildSettings = {
				CODE_SIGN_ENTITLEMENTS = "";
				CODE_SIGN_STYLE = Automatic;
				DEVELOPMENT_TEAM = YZGT4R4484;
				ENABLE_HARDENED_RUNTIME = YES;
				FRAMEWORK_SEARCH_PATHS = /opt/framework;
				MACH_O_TYPE = mh_execute;
				PRODUCT_NAME = "$(TARGET_NAME)";
			};
			name = Release;
		};
/* End XCBuildConfiguration section */

/* Begin XCConfigurationList section */
		189A53382C4807CF001CD98D /* Build configuration list for PBXProject "ChargeMonitor" */ = {
			isa = XCConfigurationList;
			buildConfigurations = (
				189A53422C4807CF001CD98D /* Debug */,
				189A53432C4807CF001CD98D /* Release */,
			);
			defaultConfigurationIsVisible = 0;
			defaultConfigurationName = Release;
		};
		189A53442C4807CF001CD98D /* Build configuration list for PBXNativeTarget "ChargeMonitor" */ = {
			isa = XCConfigurationList;
			buildConfigurations = (
				189A53452C4807CF001CD98D /* Debug */,
				189A53462C4807CF001CD98D /* Release */,
			);
			defaultConfigurationIsVisible = 0;
			defaultConfigurationName = Release;
		};
/* End XCConfigurationList section */
	};
	rootObject = 189A53352C4807CF001CD98D /* Project object */;
}
